
Microsoft Visual Studio Solution File, Format Version 12.00
# Visual Studio 15
VisualStudioVersion = 15.0.26124.0
MinimumVisualStudioVersion = 15.0.26124.0
Project("{FAE04EC0-301F-11D3-BF4B-00C04F79EFBC}") = "Sample", "Sample\Sample.csproj", "{2A04CFE6-E539-4BCE-8CF3-EC19B32E0FA8}"
EndProject
Project("{FAE04EC0-301F-11D3-BF4B-00C04F79EFBC}") = "Forzoid.ForzaHorizon4", "src\Forzoid.ForzaHorizon4\Forzoid.ForzaHorizon4.csproj", "{6F60768D-3838-43C1-A5E3-B3B38548905B}"
EndProject
Project("{FAE04EC0-301F-11D3-BF4B-00C04F79EFBC}") = "Forzoid.ForzaHorizon5", "src\Forzoid.ForzaHorizon5\Forzoid.ForzaHorizon5.csproj", "{86F5A792-864C-4B8B-8368-316B74F1C78D}"
EndProject
Project("{FAE04EC0-301F-11D3-BF4B-00C04F79EFBC}") = "Forzoid.ForzaMotorsport2023", "src\Forzoid.ForzaMotorsport2023\Forzoid.ForzaMotorsport2023.csproj", "{E9137123-573F-4C4B-A0F7-6BAFFE6AF0A6}"
EndProject
Project("{FAE04EC0-301F-11D3-BF4B-00C04F79EFBC}") = "Forzoid.ForzaMotorsport7", "src\Forzoid.ForzaMotorsport7\Forzoid.ForzaMotorsport7.csproj", "{42EFF468-2B1A-47AF-AFC3-0E69FFAF6280}"
EndProject
Project("{FAE04EC0-301F-11D3-BF4B-00C04F79EFBC}") = "Forzoid.Common", "src\Forzoid.Common\Forzoid.Common.csproj", "{359DED0B-D1AD-4972-A5FB-94CE8A0ADA8E}"
EndProject
Global
	GlobalSection(SolutionConfigurationPlatforms) = preSolution
		Debug|Any CPU = Debug|Any CPU
		Debug|x64 = Debug|x64
		Debug|x86 = Debug|x86
		Release|Any CPU = Release|Any CPU
		Release|x64 = Release|x64
		Release|x86 = Release|x86
	EndGlobalSection
	GlobalSection(SolutionProperties) = preSolution
		HideSolutionNode = FALSE
	EndGlobalSection
	GlobalSection(ProjectConfigurationPlatforms) = postSolution
		{2A04CFE6-E539-4BCE-8CF3-EC19B32E0FA8}.Debug|Any CPU.ActiveCfg = Debug|Any CPU
		{2A04CFE6-E539-4BCE-8CF3-EC19B32E0FA8}.Debug|Any CPU.Build.0 = Debug|Any CPU
		{2A04CFE6-E539-4BCE-8CF3-EC19B32E0FA8}.Debug|x64.ActiveCfg = Debug|Any CPU
		{2A04CFE6-E539-4BCE-8CF3-EC19B32E0FA8}.Debug|x64.Build.0 = Debug|Any CPU
		{2A04CFE6-E539-4BCE-8CF3-EC19B32E0FA8}.Debug|x86.ActiveCfg = Debug|Any CPU
		{2A04CFE6-E539-4BCE-8CF3-EC19B32E0FA8}.Debug|x86.Build.0 = Debug|Any CPU
		{2A04CFE6-E539-4BCE-8CF3-EC19B32E0FA8}.Release|Any CPU.ActiveCfg = Release|Any CPU
		{2A04CFE6-E539-4BCE-8CF3-EC19B32E0FA8}.Release|Any CPU.Build.0 = Release|Any CPU
		{2A04CFE6-E539-4BCE-8CF3-EC19B32E0FA8}.Release|x64.ActiveCfg = Release|Any CPU
		{2A04CFE6-E539-4BCE-8CF3-EC19B32E0FA8}.Release|x64.Build.0 = Release|Any CPU
		{2A04CFE6-E539-4BCE-8CF3-EC19B32E0FA8}.Release|x86.ActiveCfg = Release|Any CPU
		{2A04CFE6-E539-4BCE-8CF3-EC19B32E0FA8}.Release|x86.Build.0 = Release|Any CPU
		{3C005135-CD38-4430-B64A-C9E190BB028D}.Debug|Any CPU.ActiveCfg = Debug|Any CPU
		{3C005135-CD38-4430-B64A-C9E190BB028D}.Debug|Any CPU.Build.0 = Debug|Any CPU
		{3C005135-CD38-4430-B64A-C9E190BB028D}.Debug|x64.ActiveCfg = Debug|Any CPU
		{3C005135-CD38-4430-B64A-C9E190BB028D}.Debug|x64.Build.0 = Debug|Any CPU
		{3C005135-CD38-4430-B64A-C9E190BB028D}.Debug|x86.ActiveCfg = Debug|Any CPU
		{3C005135-CD38-4430-B64A-C9E190BB028D}.Debug|x86.Build.0 = Debug|Any CPU
		{3C005135-CD38-4430-B64A-C9E190BB028D}.Release|Any CPU.ActiveCfg = Release|Any CPU
		{3C005135-CD38-4430-B64A-C9E190BB028D}.Release|Any CPU.Build.0 = Release|Any CPU
		{3C005135-CD38-4430-B64A-C9E190BB028D}.Release|x64.ActiveCfg = Release|Any CPU
		{3C005135-CD38-4430-B64A-C9E190BB028D}.Release|x64.Build.0 = Release|Any CPU
		{3C005135-CD38-4430-B64A-C9E190BB028D}.Release|x86.ActiveCfg = Release|Any CPU
		{3C005135-CD38-4430-B64A-C9E190BB028D}.Release|x86.Build.0 = Release|Any CPU
		{6F60768D-3838-43C1-A5E3-B3B38548905B}.Debug|Any CPU.ActiveCfg = Debug|Any CPU
		{6F60768D-3838-43C1-A5E3-B3B38548905B}.Debug|Any CPU.Build.0 = Debug|Any CPU
		{6F60768D-3838-43C1-A5E3-B3B38548905B}.Debug|x64.ActiveCfg = Debug|Any CPU
		{6F60768D-3838-43C1-A5E3-B3B38548905B}.Debug|x64.Build.0 = Debug|Any CPU
		{6F60768D-3838-43C1-A5E3-B3B38548905B}.Debug|x86.ActiveCfg = Debug|Any CPU
		{6F60768D-3838-43C1-A5E3-B3B38548905B}.Debug|x86.Build.0 = Debug|Any CPU
		{6F60768D-3838-43C1-A5E3-B3B38548905B}.Release|Any CPU.ActiveCfg = Release|Any CPU
		{6F60768D-3838-43C1-A5E3-B3B38548905B}.Release|Any CPU.Build.0 = Release|Any CPU
		{6F60768D-3838-43C1-A5E3-B3B38548905B}.Release|x64.ActiveCfg = Release|Any CPU
		{6F60768D-3838-43C1-A5E3-B3B38548905B}.Release|x64.Build.0 = Release|Any CPU
		{6F60768D-3838-43C1-A5E3-B3B38548905B}.Release|x86.ActiveCfg = Release|Any CPU
		{6F60768D-3838-43C1-A5E3-B3B38548905B}.Release|x86.Build.0 = Release|Any CPU
		{86F5A792-864C-4B8B-8368-316B74F1C78D}.Debug|Any CPU.ActiveCfg = Debug|Any CPU
		{86F5A792-864C-4B8B-8368-316B74F1C78D}.Debug|Any CPU.Build.0 = Debug|Any CPU
		{86F5A792-864C-4B8B-8368-316B74F1C78D}.Debug|x64.ActiveCfg = Debug|Any CPU
		{86F5A792-864C-4B8B-8368-316B74F1C78D}.Debug|x64.Build.0 = Debug|Any CPU
		{86F5A792-864C-4B8B-8368-316B74F1C78D}.Debug|x86.ActiveCfg = Debug|Any CPU
		{86F5A792-864C-4B8B-8368-316B74F1C78D}.Debug|x86.Build.0 = Debug|Any CPU
		{86F5A792-864C-4B8B-8368-316B74F1C78D}.Release|Any CPU.ActiveCfg = Release|Any CPU
		{86F5A792-864C-4B8B-8368-316B74F1C78D}.Release|Any CPU.Build.0 = Release|Any CPU
		{86F5A792-864C-4B8B-8368-316B74F1C78D}.Release|x64.ActiveCfg = Release|Any CPU
		{86F5A792-864C-4B8B-8368-316B74F1C78D}.Release|x64.Build.0 = Release|Any CPU
		{86F5A792-864C-4B8B-8368-316B74F1C78D}.Release|x86.ActiveCfg = Release|Any CPU
		{86F5A792-864C-4B8B-8368-316B74F1C78D}.Release|x86.Build.0 = Release|Any CPU
		{E9137123-573F-4C4B-A0F7-6BAFFE6AF0A6}.Debug|Any CPU.ActiveCfg = Debug|Any CPU
		{E9137123-573F-4C4B-A0F7-6BAFFE6AF0A6}.Debug|Any CPU.Build.0 = Debug|Any CPU
		{E9137123-573F-4C4B-A0F7-6BAFFE6AF0A6}.Debug|x64.ActiveCfg = Debug|Any CPU
		{E9137123-573F-4C4B-A0F7-6BAFFE6AF0A6}.Debug|x64.Build.0 = Debug|Any CPU
		{E9137123-573F-4C4B-A0F7-6BAFFE6AF0A6}.Debug|x86.ActiveCfg = Debug|Any CPU
		{E9137123-573F-4C4B-A0F7-6BAFFE6AF0A6}.Debug|x86.Build.0 = Debug|Any CPU
		{E9137123-573F-4C4B-A0F7-6BAFFE6AF0A6}.Release|Any CPU.ActiveCfg = Release|Any CPU
		{E9137123-573F-4C4B-A0F7-6BAFFE6AF0A6}.Release|Any CPU.Build.0 = Release|Any CPU
		{E9137123-573F-4C4B-A0F7-6BAFFE6AF0A6}.Release|x64.ActiveCfg = Release|Any CPU
		{E9137123-573F-4C4B-A0F7-6BAFFE6AF0A6}.Release|x64.Build.0 = Release|Any CPU
		{E9137123-573F-4C4B-A0F7-6BAFFE6AF0A6}.Release|x86.ActiveCfg = Release|Any CPU
		{E9137123-573F-4C4B-A0F7-6BAFFE6AF0A6}.Release|x86.Build.0 = Release|Any CPU
		{42EFF468-2B1A-47AF-AFC3-0E69FFAF6280}.Debug|Any CPU.ActiveCfg = Debug|Any CPU
		{42EFF468-2B1A-47AF-AFC3-0E69FFAF6280}.Debug|Any CPU.Build.0 = Debug|Any CPU
		{42EFF468-2B1A-47AF-AFC3-0E69FFAF6280}.Debug|x64.ActiveCfg = Debug|Any CPU
		{42EFF468-2B1A-47AF-AFC3-0E69FFAF6280}.Debug|x64.Build.0 = Debug|Any CPU
		{42EFF468-2B1A-47AF-AFC3-0E69FFAF6280}.Debug|x86.ActiveCfg = Debug|Any CPU
		{42EFF468-2B1A-47AF-AFC3-0E69FFAF6280}.Debug|x86.Build.0 = Debug|Any CPU
		{42EFF468-2B1A-47AF-AFC3-0E69FFAF6280}.Release|Any CPU.ActiveCfg = Release|Any CPU
		{42EFF468-2B1A-47AF-AFC3-0E69FFAF6280}.Release|Any CPU.Build.0 = Release|Any CPU
		{42EFF468-2B1A-47AF-AFC3-0E69FFAF6280}.Release|x64.ActiveCfg = Release|Any CPU
		{42EFF468-2B1A-47AF-AFC3-0E69FFAF6280}.Release|x64.Build.0 = Release|Any CPU
		{42EFF468-2B1A-47AF-AFC3-0E69FFAF6280}.Release|x86.ActiveCfg = Release|Any CPU
		{42EFF468-2B1A-47AF-AFC3-0E69FFAF6280}.Release|x86.Build.0 = Release|Any CPU
		{359DED0B-D1AD-4972-A5FB-94CE8A0ADA8E}.Debug|Any CPU.ActiveCfg = Debug|Any CPU
		{359DED0B-D1AD-4972-A5FB-94CE8A0ADA8E}.Debug|Any CPU.Build.0 = Debug|Any CPU
		{359DED0B-D1AD-4972-A5FB-94CE8A0ADA8E}.Debug|x64.ActiveCfg = Debug|Any CPU
		{359DED0B-D1AD-4972-A5FB-94CE8A0ADA8E}.Debug|x64.Build.0 = Debug|Any CPU
		{359DED0B-D1AD-4972-A5FB-94CE8A0ADA8E}.Debug|x86.ActiveCfg = Debug|Any CPU
		{359DED0B-D1AD-4972-A5FB-94CE8A0ADA8E}.Debug|x86.Build.0 = Debug|Any CPU
		{359DED0B-D1AD-4972-A5FB-94CE8A0ADA8E}.Release|Any CPU.ActiveCfg = Release|Any CPU
		{359DED0B-D1AD-4972-A5FB-94CE8A0ADA8E}.Release|Any CPU.Build.0 = Release|Any CPU
		{359DED0B-D1AD-4972-A5FB-94CE8A0ADA8E}.Release|x64.ActiveCfg = Release|Any CPU
		{359DED0B-D1AD-4972-A5FB-94CE8A0ADA8E}.Release|x64.Build.0 = Release|Any CPU
		{359DED0B-D1AD-4972-A5FB-94CE8A0ADA8E}.Release|x86.ActiveCfg = Release|Any CPU
		{359DED0B-D1AD-4972-A5FB-94CE8A0ADA8E}.Release|x86.Build.0 = Release|Any CPU
	EndGlobalSection
EndGlobal
